
Microsoft Visual Studio Solution File, Format Version 12.00
# Visual Studio Version 17
VisualStudioVersion = 17.13.35919.96 d17.13
MinimumVisualStudioVersion = 10.0.40219.1
Project("{FAE04EC0-301F-11D3-BF4B-00C04F79EFBC}") = "NSwag", "NSwag.csproj", "{D3DDED10-143B-4A32-9B33-F1D63A4ECB6C}"
EndProject
Global
	GlobalSection(SolutionConfigurationPlatforms) = preSolution
		Debug|Any CPU = Debug|Any CPU
		Release|Any CPU = Release|Any CPU
	EndGlobalSection
	GlobalSection(ProjectConfigurationPlatforms) = postSolution
		{D3DDED10-143B-4A32-9B33-F1D63A4ECB6C}.Debug|Any CPU.ActiveCfg = Debug|Any CPU
		{D3DDED10-143B-4A32-9B33-F1D63A4ECB6C}.Debug|Any CPU.Build.0 = Debug|Any CPU
		{D3DDED10-143B-4A32-9B33-F1D63A4ECB6C}.Release|Any CPU.ActiveCfg = Release|Any CPU
		{D3DDED10-143B-4A32-9B33-F1D63A4ECB6C}.Release|Any CPU.Build.0 = Release|Any CPU
	EndGlobalSection
	GlobalSection(SolutionProperties) = preSolution
		HideSolutionNode = FALSE
	EndGlobalSection
	GlobalSection(ExtensibilityGlobals) = postSolution
		SolutionGuid = {2AC11776-9014-4F08-844F-2396E34969BF}
	EndGlobalSection
EndGlobal
